// !$*UTF8*$!
{
	archiveVersion = 1;
	classes = {
	};
	objectVersion = 46;
	objects = {

/* Begin PBXBuildFile section */
		6718BE861CF110B30046124E /* Assets.xcassets in Resources */ = {isa = PBXBuildFile; fileRef = 6718BE851CF110B30046124E /* Assets.xcassets */; };
		6718BE961CF1171B0046124E /* AppDelegate.swift in Sources */ = {isa = PBXBuildFile; fileRef = 6718BE951CF1171B0046124E /* AppDelegate.swift */; };
		6718BE9D1CF117F50046124E /* LaunchScreen.storyboard in Resources */ = {isa = PBXBuildFile; fileRef = 6718BE9B1CF117F50046124E /* LaunchScreen.storyboard */; };
		6718BE9E1CF117F50046124E /* Main.storyboard in Resources */ = {isa = PBXBuildFile; fileRef = 6718BE9C1CF117F50046124E /* Main.storyboard */; };
		6718BEA41CF11B4D0046124E /* MusicByCarlSwift.xcdatamodeld in Sources */ = {isa = PBXBuildFile; fileRef = 6718BEA11CF11B4D0046124E /* MusicByCarlSwift.xcdatamodeld */; };
		6718BEBE1CF11BBD0046124E /* DatabaseInterface.swift in Sources */ = {isa = PBXBuildFile; fileRef = 6718BEBB1CF11BBD0046124E /* DatabaseInterface.swift */; };
		6718BEBF1CF11BBD0046124E /* DatabaseManager.swift in Sources */ = {isa = PBXBuildFile; fileRef = 6718BEBC1CF11BBD0046124E /* DatabaseManager.swift */; };
		6718BEC01CF11BBD0046124E /* DatabaseProgress.swift in Sources */ = {isa = PBXBuildFile; fileRef = 6718BEBD1CF11BBD0046124E /* DatabaseProgress.swift */; };
		6718BECC1CF11C3C0046124E /* Album.swift in Sources */ = {isa = PBXBuildFile; fileRef = 6718BEC21CF11C3C0046124E /* Album.swift */; };
		6718BECD1CF11C3C0046124E /* AlbumSummary.swift in Sources */ = {isa = PBXBuildFile; fileRef = 6718BEC31CF11C3C0046124E /* AlbumSummary.swift */; };
		6718BECE1CF11C3C0046124E /* Artist.swift in Sources */ = {isa = PBXBuildFile; fileRef = 6718BEC41CF11C3C0046124E /* Artist.swift */; };
		6718BECF1CF11C3C0046124E /* ArtistSummary.swift in Sources */ = {isa = PBXBuildFile; fileRef = 6718BEC51CF11C3C0046124E /* ArtistSummary.swift */; };
		6718BED01CF11C3C0046124E /* Genre.swift in Sources */ = {isa = PBXBuildFile; fileRef = 6718BEC61CF11C3C0046124E /* Genre.swift */; };
		6718BED11CF11C3C0046124E /* GenreSummary.swift in Sources */ = {isa = PBXBuildFile; fileRef = 6718BEC71CF11C3C0046124E /* GenreSummary.swift */; };
		6718BED21CF11C3C0046124E /* Playlist.swift in Sources */ = {isa = PBXBuildFile; fileRef = 6718BEC81CF11C3C0046124E /* Playlist.swift */; };
		6718BED31CF11C3C0046124E /* PlaylistSummary.swift in Sources */ = {isa = PBXBuildFile; fileRef = 6718BEC91CF11C3C0046124E /* PlaylistSummary.swift */; };
		6718BED41CF11C3C0046124E /* Song.swift in Sources */ = {isa = PBXBuildFile; fileRef = 6718BECA1CF11C3C0046124E /* Song.swift */; };
		6718BED51CF11C3C0046124E /* SongSummary.swift in Sources */ = {isa = PBXBuildFile; fileRef = 6718BECB1CF11C3C0046124E /* SongSummary.swift */; };
		6718BED81CF11C780046124E /* Logger.swift in Sources */ = {isa = PBXBuildFile; fileRef = 6718BED71CF11C780046124E /* Logger.swift */; };
		6718BEDE1CF11CB10046124E /* UserInterfaceCustomizer.swift in Sources */ = {isa = PBXBuildFile; fileRef = 6718BEDC1CF11CB10046124E /* UserInterfaceCustomizer.swift */; };
		6718BEE11CF11D510046124E /* DateTimeUtilities.swift in Sources */ = {isa = PBXBuildFile; fileRef = 6718BEE01CF11D510046124E /* DateTimeUtilities.swift */; };
		6718BEE31CF11E110046124E /* ObjectToStringUtilities.swift in Sources */ = {isa = PBXBuildFile; fileRef = 6718BEE21CF11E110046124E /* ObjectToStringUtilities.swift */; };
		6718BEE51CF11ED60046124E /* FileUtilities.swift in Sources */ = {isa = PBXBuildFile; fileRef = 6718BEE41CF11ED60046124E /* FileUtilities.swift */; };
		6718BEE71CF1209E0046124E /* Utilities.swift in Sources */ = {isa = PBXBuildFile; fileRef = 6718BEE61CF1209E0046124E /* Utilities.swift */; };
		6718BEE91CF1211A0046124E /* NowPlayingViewController.swift in Sources */ = {isa = PBXBuildFile; fileRef = 6718BEE81CF1211A0046124E /* NowPlayingViewController.swift */; };
		6718BEED1CF121D50046124E /* MarqueeLabel.m in Sources */ = {isa = PBXBuildFile; fileRef = 6718BEEC1CF121D50046124E /* MarqueeLabel.m */; };
		6718BEF21CF128050046124E /* SongFactory.swift in Sources */ = {isa = PBXBuildFile; fileRef = 6718BEF11CF128050046124E /* SongFactory.swift */; };
		6718BEF41CF128B40046124E /* MediaObjectUtilities.swift in Sources */ = {isa = PBXBuildFile; fileRef = 6718BEF31CF128B40046124E /* MediaObjectUtilities.swift */; };
		6718BEF61CF12A810046124E /* SongsInterface.swift in Sources */ = {isa = PBXBuildFile; fileRef = 6718BEF51CF12A810046124E /* SongsInterface.swift */; };
		6718BEF81CF12B460046124E /* MillisecondTimer.swift in Sources */ = {isa = PBXBuildFile; fileRef = 6718BEF71CF12B460046124E /* MillisecondTimer.swift */; };
		6718BEFA1CF131D10046124E /* SongFetcher.swift in Sources */ = {isa = PBXBuildFile; fileRef = 6718BEF91CF131D10046124E /* SongFetcher.swift */; };
		6718BEFC1CF134CA0046124E /* MarqueeLabelExtensions.swift in Sources */ = {isa = PBXBuildFile; fileRef = 6718BEFB1CF134CA0046124E /* MarqueeLabelExtensions.swift */; };
		6718BEFE1CF137730046124E /* AlbumFactory.swift in Sources */ = {isa = PBXBuildFile; fileRef = 6718BEFD1CF137730046124E /* AlbumFactory.swift */; };
		6718BF001CF138EA0046124E /* AlbumsInterface.swift in Sources */ = {isa = PBXBuildFile; fileRef = 6718BEFF1CF138EA0046124E /* AlbumsInterface.swift */; };
		6718BF021CF139960046124E /* AlbumFetcher.swift in Sources */ = {isa = PBXBuildFile; fileRef = 6718BF011CF139960046124E /* AlbumFetcher.swift */; };
		6718BF041CF13BB70046124E /* SliderExtensions.swift in Sources */ = {isa = PBXBuildFile; fileRef = 6718BF031CF13BB70046124E /* SliderExtensions.swift */; };
		6718BF061CF13FB40046124E /* UIImageExtensions.swift in Sources */ = {isa = PBXBuildFile; fileRef = 6718BF051CF13FB40046124E /* UIImageExtensions.swift */; };
		6718BF401CF294D40046124E /* AudioNotificationHandler.swift in Sources */ = {isa = PBXBuildFile; fileRef = 6718BF3D1CF294D40046124E /* AudioNotificationHandler.swift */; };
		6718BF411CF294D40046124E /* AudioPlayer.swift in Sources */ = {isa = PBXBuildFile; fileRef = 6718BF3E1CF294D40046124E /* AudioPlayer.swift */; };
		6718BF421CF294D40046124E /* AudioSessionManager.swift in Sources */ = {isa = PBXBuildFile; fileRef = 6718BF3F1CF294D40046124E /* AudioSessionManager.swift */; };
		6718BF441CF297C40046124E /* RemoteAudioCommandHandler.swift in Sources */ = {isa = PBXBuildFile; fileRef = 6718BF431CF297C40046124E /* RemoteAudioCommandHandler.swift */; };
		67B496301CF2B7990079A0AE /* Extensions.swift in Sources */ = {isa = PBXBuildFile; fileRef = 67B4962F1CF2B7990079A0AE /* Extensions.swift */; };
		67B496321CF2BC6D0079A0AE /* UserPreferences.swift in Sources */ = {isa = PBXBuildFile; fileRef = 67B496311CF2BC6D0079A0AE /* UserPreferences.swift */; };
		67B496341CF2BD7F0079A0AE /* DefaultValues.plist in Resources */ = {isa = PBXBuildFile; fileRef = 67B496331CF2BD7F0079A0AE /* DefaultValues.plist */; };
/* End PBXBuildFile section */

/* Begin PBXFileReference section */
		6718BE7B1CF110B20046124E /* Swift Music Player.app */ = {isa = PBXFileReference; explicitFileType = wrapper.application; includeInIndex = 0; path = "Swift Music Player.app"; sourceTree = BUILT_PRODUCTS_DIR; };
		6718BE851CF110B30046124E /* Assets.xcassets */ = {isa = PBXFileReference; lastKnownFileType = folder.assetcatalog; path = Assets.xcassets; sourceTree = "<group>"; };
		6718BE8A1CF110B30046124E /* Info.plist */ = {isa = PBXFileReference; lastKnownFileType = text.plist.xml; path = Info.plist; sourceTree = "<group>"; };
		6718BE951CF1171B0046124E /* AppDelegate.swift */ = {isa = PBXFileReference; fileEncoding = 4; lastKnownFileType = sourcecode.swift; lineEnding = 0; path = AppDelegate.swift; sourceTree = "<group>"; xcLanguageSpecificationIdentifier = xcode.lang.swift; };
		6718BE9B1CF117F50046124E /* LaunchScreen.storyboard */ = {isa = PBXFileReference; fileEncoding = 4; lastKnownFileType = file.storyboard; path = LaunchScreen.storyboard; sourceTree = "<group>"; };
		6718BE9C1CF117F50046124E /* Main.storyboard */ = {isa = PBXFileReference; fileEncoding = 4; lastKnownFileType = file.storyboard; path = Main.storyboard; sourceTree = "<group>"; };
		6718BEA21CF11B4D0046124E /* MusicByCarlSwift.xcdatamodel */ = {isa = PBXFileReference; lastKnownFileType = wrapper.xcdatamodel; path = MusicByCarlSwift.xcdatamodel; sourceTree = "<group>"; };
		6718BEA31CF11B4D0046124E /* MusicByCarlSwift2.0.xcdatamodel */ = {isa = PBXFileReference; lastKnownFileType = wrapper.xcdatamodel; path = MusicByCarlSwift2.0.xcdatamodel; sourceTree = "<group>"; };
		6718BEBB1CF11BBD0046124E /* DatabaseInterface.swift */ = {isa = PBXFileReference; fileEncoding = 4; lastKnownFileType = sourcecode.swift; lineEnding = 0; path = DatabaseInterface.swift; sourceTree = "<group>"; xcLanguageSpecificationIdentifier = xcode.lang.swift; };
		6718BEBC1CF11BBD0046124E /* DatabaseManager.swift */ = {isa = PBXFileReference; fileEncoding = 4; lastKnownFileType = sourcecode.swift; lineEnding = 0; path = DatabaseManager.swift; sourceTree = "<group>"; xcLanguageSpecificationIdentifier = xcode.lang.swift; };
		6718BEBD1CF11BBD0046124E /* DatabaseProgress.swift */ = {isa = PBXFileReference; fileEncoding = 4; lastKnownFileType = sourcecode.swift; lineEnding = 0; path = DatabaseProgress.swift; sourceTree = "<group>"; xcLanguageSpecificationIdentifier = xcode.lang.swift; };
		6718BEC21CF11C3C0046124E /* Album.swift */ = {isa = PBXFileReference; fileEncoding = 4; lastKnownFileType = sourcecode.swift; lineEnding = 0; path = Album.swift; sourceTree = "<group>"; xcLanguageSpecificationIdentifier = xcode.lang.swift; };
		6718BEC31CF11C3C0046124E /* AlbumSummary.swift */ = {isa = PBXFileReference; fileEncoding = 4; lastKnownFileType = sourcecode.swift; lineEnding = 0; path = AlbumSummary.swift; sourceTree = "<group>"; xcLanguageSpecificationIdentifier = xcode.lang.swift; };
		6718BEC41CF11C3C0046124E /* Artist.swift */ = {isa = PBXFileReference; fileEncoding = 4; lastKnownFileType = sourcecode.swift; lineEnding = 0; path = Artist.swift; sourceTree = "<group>"; xcLanguageSpecificationIdentifier = xcode.lang.swift; };
		6718BEC51CF11C3C0046124E /* ArtistSummary.swift */ = {isa = PBXFileReference; fileEncoding = 4; lastKnownFileType = sourcecode.swift; lineEnding = 0; path = ArtistSummary.swift; sourceTree = "<group>"; xcLanguageSpecificationIdentifier = xcode.lang.swift; };
		6718BEC61CF11C3C0046124E /* Genre.swift */ = {isa = PBXFileReference; fileEncoding = 4; lastKnownFileType = sourcecode.swift; lineEnding = 0; path = Genre.swift; sourceTree = "<group>"; xcLanguageSpecificationIdentifier = xcode.lang.swift; };
		6718BEC71CF11C3C0046124E /* GenreSummary.swift */ = {isa = PBXFileReference; fileEncoding = 4; lastKnownFileType = sourcecode.swift; lineEnding = 0; path = GenreSummary.swift; sourceTree = "<group>"; xcLanguageSpecificationIdentifier = xcode.lang.swift; };
		6718BEC81CF11C3C0046124E /* Playlist.swift */ = {isa = PBXFileReference; fileEncoding = 4; lastKnownFileType = sourcecode.swift; lineEnding = 0; path = Playlist.swift; sourceTree = "<group>"; xcLanguageSpecificationIdentifier = xcode.lang.swift; };
		6718BEC91CF11C3C0046124E /* PlaylistSummary.swift */ = {isa = PBXFileReference; fileEncoding = 4; lastKnownFileType = sourcecode.swift; lineEnding = 0; path = PlaylistSummary.swift; sourceTree = "<group>"; xcLanguageSpecificationIdentifier = xcode.lang.swift; };
		6718BECA1CF11C3C0046124E /* Song.swift */ = {isa = PBXFileReference; fileEncoding = 4; lastKnownFileType = sourcecode.swift; lineEnding = 0; path = Song.swift; sourceTree = "<group>"; xcLanguageSpecificationIdentifier = xcode.lang.swift; };
		6718BECB1CF11C3C0046124E /* SongSummary.swift */ = {isa = PBXFileReference; fileEncoding = 4; lastKnownFileType = sourcecode.swift; lineEnding = 0; path = SongSummary.swift; sourceTree = "<group>"; xcLanguageSpecificationIdentifier = xcode.lang.swift; };
		6718BED71CF11C780046124E /* Logger.swift */ = {isa = PBXFileReference; fileEncoding = 4; lastKnownFileType = sourcecode.swift; lineEnding = 0; path = Logger.swift; sourceTree = "<group>"; xcLanguageSpecificationIdentifier = xcode.lang.swift; };
		6718BEDC1CF11CB10046124E /* UserInterfaceCustomizer.swift */ = {isa = PBXFileReference; fileEncoding = 4; lastKnownFileType = sourcecode.swift; lineEnding = 0; path = UserInterfaceCustomizer.swift; sourceTree = "<group>"; xcLanguageSpecificationIdentifier = xcode.lang.swift; };
		6718BEE01CF11D510046124E /* DateTimeUtilities.swift */ = {isa = PBXFileReference; fileEncoding = 4; lastKnownFileType = sourcecode.swift; lineEnding = 0; path = DateTimeUtilities.swift; sourceTree = "<group>"; xcLanguageSpecificationIdentifier = xcode.lang.swift; };
		6718BEE21CF11E110046124E /* ObjectToStringUtilities.swift */ = {isa = PBXFileReference; fileEncoding = 4; lastKnownFileType = sourcecode.swift; lineEnding = 0; path = ObjectToStringUtilities.swift; sourceTree = "<group>"; xcLanguageSpecificationIdentifier = xcode.lang.swift; };
		6718BEE41CF11ED60046124E /* FileUtilities.swift */ = {isa = PBXFileReference; fileEncoding = 4; lastKnownFileType = sourcecode.swift; lineEnding = 0; path = FileUtilities.swift; sourceTree = "<group>"; xcLanguageSpecificationIdentifier = xcode.lang.swift; };
		6718BEE61CF1209E0046124E /* Utilities.swift */ = {isa = PBXFileReference; fileEncoding = 4; lastKnownFileType = sourcecode.swift; lineEnding = 0; path = Utilities.swift; sourceTree = "<group>"; xcLanguageSpecificationIdentifier = xcode.lang.swift; };
		6718BEE81CF1211A0046124E /* NowPlayingViewController.swift */ = {isa = PBXFileReference; fileEncoding = 4; lastKnownFileType = sourcecode.swift; lineEnding = 0; path = NowPlayingViewController.swift; sourceTree = "<group>"; xcLanguageSpecificationIdentifier = xcode.lang.swift; };
		6718BEEB1CF121D50046124E /* MarqueeLabel.h */ = {isa = PBXFileReference; fileEncoding = 4; lastKnownFileType = sourcecode.c.h; path = MarqueeLabel.h; sourceTree = "<group>"; };
		6718BEEC1CF121D50046124E /* MarqueeLabel.m */ = {isa = PBXFileReference; fileEncoding = 4; lastKnownFileType = sourcecode.c.objc; path = MarqueeLabel.m; sourceTree = "<group>"; };
		6718BEEF1CF122670046124E /* Swift Music Player-Bridging-Header.h */ = {isa = PBXFileReference; lastKnownFileType = sourcecode.c.h; path = "Swift Music Player-Bridging-Header.h"; sourceTree = "<group>"; };
		6718BEF11CF128050046124E /* SongFactory.swift */ = {isa = PBXFileReference; fileEncoding = 4; lastKnownFileType = sourcecode.swift; lineEnding = 0; path = SongFactory.swift; sourceTree = "<group>"; xcLanguageSpecificationIdentifier = xcode.lang.swift; };
		6718BEF31CF128B40046124E /* MediaObjectUtilities.swift */ = {isa = PBXFileReference; fileEncoding = 4; lastKnownFileType = sourcecode.swift; lineEnding = 0; path = MediaObjectUtilities.swift; sourceTree = "<group>"; xcLanguageSpecificationIdentifier = xcode.lang.swift; };
		6718BEF51CF12A810046124E /* SongsInterface.swift */ = {isa = PBXFileReference; fileEncoding = 4; lastKnownFileType = sourcecode.swift; lineEnding = 0; path = SongsInterface.swift; sourceTree = "<group>"; xcLanguageSpecificationIdentifier = xcode.lang.swift; };
		6718BEF71CF12B460046124E /* MillisecondTimer.swift */ = {isa = PBXFileReference; fileEncoding = 4; lastKnownFileType = sourcecode.swift; lineEnding = 0; path = MillisecondTimer.swift; sourceTree = "<group>"; xcLanguageSpecificationIdentifier = xcode.lang.swift; };
		6718BEF91CF131D10046124E /* SongFetcher.swift */ = {isa = PBXFileReference; fileEncoding = 4; lastKnownFileType = sourcecode.swift; lineEnding = 0; path = SongFetcher.swift; sourceTree = "<group>"; xcLanguageSpecificationIdentifier = xcode.lang.swift; };
		6718BEFB1CF134CA0046124E /* MarqueeLabelExtensions.swift */ = {isa = PBXFileReference; fileEncoding = 4; lastKnownFileType = sourcecode.swift; lineEnding = 0; path = MarqueeLabelExtensions.swift; sourceTree = "<group>"; xcLanguageSpecificationIdentifier = xcode.lang.swift; };
		6718BEFD1CF137730046124E /* AlbumFactory.swift */ = {isa = PBXFileReference; fileEncoding = 4; lastKnownFileType = sourcecode.swift; lineEnding = 0; path = AlbumFactory.swift; sourceTree = "<group>"; xcLanguageSpecificationIdentifier = xcode.lang.swift; };
		6718BEFF1CF138EA0046124E /* AlbumsInterface.swift */ = {isa = PBXFileReference; fileEncoding = 4; lastKnownFileType = sourcecode.swift; lineEnding = 0; path = AlbumsInterface.swift; sourceTree = "<group>"; xcLanguageSpecificationIdentifier = xcode.lang.swift; };
		6718BF011CF139960046124E /* AlbumFetcher.swift */ = {isa = PBXFileReference; fileEncoding = 4; lastKnownFileType = sourcecode.swift; lineEnding = 0; path = AlbumFetcher.swift; sourceTree = "<group>"; xcLanguageSpecificationIdentifier = xcode.lang.swift; };
		6718BF031CF13BB70046124E /* SliderExtensions.swift */ = {isa = PBXFileReference; fileEncoding = 4; lastKnownFileType = sourcecode.swift; lineEnding = 0; path = SliderExtensions.swift; sourceTree = "<group>"; xcLanguageSpecificationIdentifier = xcode.lang.swift; };
		6718BF051CF13FB40046124E /* UIImageExtensions.swift */ = {isa = PBXFileReference; fileEncoding = 4; lastKnownFileType = sourcecode.swift; lineEnding = 0; path = UIImageExtensions.swift; sourceTree = "<group>"; xcLanguageSpecificationIdentifier = xcode.lang.swift; };
		6718BF3D1CF294D40046124E /* AudioNotificationHandler.swift */ = {isa = PBXFileReference; fileEncoding = 4; lastKnownFileType = sourcecode.swift; lineEnding = 0; path = AudioNotificationHandler.swift; sourceTree = "<group>"; xcLanguageSpecificationIdentifier = xcode.lang.swift; };
		6718BF3E1CF294D40046124E /* AudioPlayer.swift */ = {isa = PBXFileReference; fileEncoding = 4; lastKnownFileType = sourcecode.swift; lineEnding = 0; path = AudioPlayer.swift; sourceTree = "<group>"; xcLanguageSpecificationIdentifier = xcode.lang.swift; };
		6718BF3F1CF294D40046124E /* AudioSessionManager.swift */ = {isa = PBXFileReference; fileEncoding = 4; lastKnownFileType = sourcecode.swift; lineEnding = 0; path = AudioSessionManager.swift; sourceTree = "<group>"; xcLanguageSpecificationIdentifier = xcode.lang.swift; };
		6718BF431CF297C40046124E /* RemoteAudioCommandHandler.swift */ = {isa = PBXFileReference; fileEncoding = 4; lastKnownFileType = sourcecode.swift; path = RemoteAudioCommandHandler.swift; sourceTree = "<group>"; };
		67B4962F1CF2B7990079A0AE /* Extensions.swift */ = {isa = PBXFileReference; fileEncoding = 4; lastKnownFileType = sourcecode.swift; path = Extensions.swift; sourceTree = "<group>"; };
		67B496311CF2BC6D0079A0AE /* UserPreferences.swift */ = {isa = PBXFileReference; fileEncoding = 4; lastKnownFileType = sourcecode.swift; path = UserPreferences.swift; sourceTree = "<group>"; };
		67B496331CF2BD7F0079A0AE /* DefaultValues.plist */ = {isa = PBXFileReference; fileEncoding = 4; lastKnownFileType = text.plist.xml; path = DefaultValues.plist; sourceTree = "<group>"; };
/* End PBXFileReference section */

/* Begin PBXFrameworksBuildPhase section */
		6718BE781CF110B20046124E /* Frameworks */ = {
			isa = PBXFrameworksBuildPhase;
			buildActionMask = 2147483647;
			files = (
			);
			runOnlyForDeploymentPostprocessing = 0;
		};
/* End PBXFrameworksBuildPhase section */

/* Begin PBXGroup section */
		6718BE721CF110B20046124E = {
			isa = PBXGroup;
			children = (
				6718BE7D1CF110B30046124E /* Swift Music Player */,
				6718BE7C1CF110B20046124E /* Products */,
			);
			sourceTree = "<group>";
		};
		6718BE7C1CF110B20046124E /* Products */ = {
			isa = PBXGroup;
			children = (
				6718BE7B1CF110B20046124E /* Swift Music Player.app */,
			);
			name = Products;
			sourceTree = "<group>";
		};
		6718BE7D1CF110B30046124E /* Swift Music Player */ = {
			isa = PBXGroup;
			children = (
				6718BE941CF1171B0046124E /* App Delegate */,
				6718BF361CF28D110046124E /* Audio Handling */,
				6718BE971CF117980046124E /* Coverflow */,
				6718BED61CF11C780046124E /* Logger */,
				6718BED91CF11CB10046124E /* Custom UI */,
				6718BE981CF117980046124E /* Model */,
				6718BE9A1CF117F50046124E /* Storyboards */,
				6718BEDF1CF11D400046124E /* Utilities */,
				6718BE991CF117980046124E /* View Controllers */,
				6718BE851CF110B30046124E /* Assets.xcassets */,
				67B496331CF2BD7F0079A0AE /* DefaultValues.plist */,
				6718BE8A1CF110B30046124E /* Info.plist */,
				6718BEEF1CF122670046124E /* Swift Music Player-Bridging-Header.h */,
			);
			path = "Swift Music Player";
			sourceTree = "<group>";
		};
		6718BE941CF1171B0046124E /* App Delegate */ = {
			isa = PBXGroup;
			children = (
				6718BE951CF1171B0046124E /* AppDelegate.swift */,
			);
			path = "App Delegate";
			sourceTree = "<group>";
		};
		6718BE971CF117980046124E /* Coverflow */ = {
			isa = PBXGroup;
			children = (
			);
			path = Coverflow;
			sourceTree = "<group>";
		};
		6718BE981CF117980046124E /* Model */ = {
			isa = PBXGroup;
			children = (
				6718BEF01CF1276E0046124E /* Managed Object Interfaces */,
				6718BEC11CF11C3C0046124E /* Managed Object Subclasses */,
				6718BEA11CF11B4D0046124E /* MusicByCarlSwift.xcdatamodeld */,
				6718BEBB1CF11BBD0046124E /* DatabaseInterface.swift */,
				6718BEBC1CF11BBD0046124E /* DatabaseManager.swift */,
				6718BEBD1CF11BBD0046124E /* DatabaseProgress.swift */,
			);
			path = Model;
			sourceTree = "<group>";
		};
		6718BE991CF117980046124E /* View Controllers */ = {
			isa = PBXGroup;
			children = (
				6718BEE81CF1211A0046124E /* NowPlayingViewController.swift */,
			);
			path = "View Controllers";
			sourceTree = "<group>";
		};
		6718BE9A1CF117F50046124E /* Storyboards */ = {
			isa = PBXGroup;
			children = (
				6718BE9B1CF117F50046124E /* LaunchScreen.storyboard */,
				6718BE9C1CF117F50046124E /* Main.storyboard */,
			);
			path = Storyboards;
			sourceTree = "<group>";
		};
		6718BEC11CF11C3C0046124E /* Managed Object Subclasses */ = {
			isa = PBXGroup;
			children = (
				6718BEC21CF11C3C0046124E /* Album.swift */,
				6718BEC31CF11C3C0046124E /* AlbumSummary.swift */,
				6718BEC41CF11C3C0046124E /* Artist.swift */,
				6718BEC51CF11C3C0046124E /* ArtistSummary.swift */,
				6718BEC61CF11C3C0046124E /* Genre.swift */,
				6718BEC71CF11C3C0046124E /* GenreSummary.swift */,
				6718BEC81CF11C3C0046124E /* Playlist.swift */,
				6718BEC91CF11C3C0046124E /* PlaylistSummary.swift */,
				6718BECA1CF11C3C0046124E /* Song.swift */,
				6718BECB1CF11C3C0046124E /* SongSummary.swift */,
			);
			path = "Managed Object Subclasses";
			sourceTree = "<group>";
		};
		6718BED61CF11C780046124E /* Logger */ = {
			isa = PBXGroup;
			children = (
				6718BED71CF11C780046124E /* Logger.swift */,
			);
			path = Logger;
			sourceTree = "<group>";
		};
		6718BED91CF11CB10046124E /* Custom UI */ = {
			isa = PBXGroup;
			children = (
				6718BEEB1CF121D50046124E /* MarqueeLabel.h */,
				6718BEEC1CF121D50046124E /* MarqueeLabel.m */,
				6718BEDC1CF11CB10046124E /* UserInterfaceCustomizer.swift */,
				6718BEFB1CF134CA0046124E /* MarqueeLabelExtensions.swift */,
				6718BF031CF13BB70046124E /* SliderExtensions.swift */,
				6718BF051CF13FB40046124E /* UIImageExtensions.swift */,
			);
			path = "Custom UI";
			sourceTree = "<group>";
		};
		6718BEDF1CF11D400046124E /* Utilities */ = {
			isa = PBXGroup;
			children = (
				6718BEE01CF11D510046124E /* DateTimeUtilities.swift */,
				67B4962F1CF2B7990079A0AE /* Extensions.swift */,
				6718BEE41CF11ED60046124E /* FileUtilities.swift */,
				6718BEF31CF128B40046124E /* MediaObjectUtilities.swift */,
				6718BEF71CF12B460046124E /* MillisecondTimer.swift */,
				6718BEE21CF11E110046124E /* ObjectToStringUtilities.swift */,
				67B496311CF2BC6D0079A0AE /* UserPreferences.swift */,
				6718BEE61CF1209E0046124E /* Utilities.swift */,
			);
			path = Utilities;
			sourceTree = "<group>";
		};
		6718BEF01CF1276E0046124E /* Managed Object Interfaces */ = {
			isa = PBXGroup;
			children = (
				6718BEF11CF128050046124E /* SongFactory.swift */,
				6718BEF91CF131D10046124E /* SongFetcher.swift */,
				6718BEF51CF12A810046124E /* SongsInterface.swift */,
				6718BEFD1CF137730046124E /* AlbumFactory.swift */,
				6718BF011CF139960046124E /* AlbumFetcher.swift */,
				6718BEFF1CF138EA0046124E /* AlbumsInterface.swift */,
			);
			path = "Managed Object Interfaces";
			sourceTree = "<group>";
		};
		6718BF361CF28D110046124E /* Audio Handling */ = {
			isa = PBXGroup;
			children = (
				6718BF3D1CF294D40046124E /* AudioNotificationHandler.swift */,
				6718BF3E1CF294D40046124E /* AudioPlayer.swift */,
				6718BF3F1CF294D40046124E /* AudioSessionManager.swift */,
				6718BF431CF297C40046124E /* RemoteAudioCommandHandler.swift */,
			);
			path = "Audio Handling";
			sourceTree = "<group>";
		};
/* End PBXGroup section */

/* Begin PBXNativeTarget section */
		6718BE7A1CF110B20046124E /* Swift Music Player */ = {
			isa = PBXNativeTarget;
			buildConfigurationList = 6718BE8D1CF110B30046124E /* Build configuration list for PBXNativeTarget "Swift Music Player" */;
			buildPhases = (
				6718BE771CF110B20046124E /* Sources */,
				6718BE781CF110B20046124E /* Frameworks */,
				6718BE791CF110B20046124E /* Resources */,
			);
			buildRules = (
			);
			dependencies = (
			);
			name = "Swift Music Player";
			productName = "Swift Music Player";
			productReference = 6718BE7B1CF110B20046124E /* Swift Music Player.app */;
			productType = "com.apple.product-type.application";
		};
/* End PBXNativeTarget section */

/* Begin PBXProject section */
		6718BE731CF110B20046124E /* Project object */ = {
			isa = PBXProject;
			attributes = {
				LastSwiftUpdateCheck = 0730;
				LastUpgradeCheck = 0730;
				ORGANIZATIONNAME = CarlSmith;
				TargetAttributes = {
					6718BE7A1CF110B20046124E = {
						CreatedOnToolsVersion = 7.3.1;
					};
				};
			};
			buildConfigurationList = 6718BE761CF110B20046124E /* Build configuration list for PBXProject "Swift Music Player" */;
			compatibilityVersion = "Xcode 3.2";
			developmentRegion = English;
			hasScannedForEncodings = 0;
			knownRegions = (
				en,
				Base,
			);
			mainGroup = 6718BE721CF110B20046124E;
			productRefGroup = 6718BE7C1CF110B20046124E /* Products */;
			projectDirPath = "";
			projectRoot = "";
			targets = (
				6718BE7A1CF110B20046124E /* Swift Music Player */,
			);
		};
/* End PBXProject section */

/* Begin PBXResourcesBuildPhase section */
		6718BE791CF110B20046124E /* Resources */ = {
			isa = PBXResourcesBuildPhase;
			buildActionMask = 2147483647;
			files = (
				6718BE9E1CF117F50046124E /* Main.storyboard in Resources */,
				6718BE861CF110B30046124E /* Assets.xcassets in Resources */,
				67B496341CF2BD7F0079A0AE /* DefaultValues.plist in Resources */,
				6718BE9D1CF117F50046124E /* LaunchScreen.storyboard in Resources */,
			);
			runOnlyForDeploymentPostprocessing = 0;
		};
/* End PBXResourcesBuildPhase section */

/* Begin PBXSourcesBuildPhase section */
		6718BE771CF110B20046124E /* Sources */ = {
			isa = PBXSourcesBuildPhase;
			buildActionMask = 2147483647;
			files = (
				6718BEFA1CF131D10046124E /* SongFetcher.swift in Sources */,
				6718BEED1CF121D50046124E /* MarqueeLabel.m in Sources */,
				6718BEBF1CF11BBD0046124E /* DatabaseManager.swift in Sources */,
				6718BED11CF11C3C0046124E /* GenreSummary.swift in Sources */,
				6718BEE71CF1209E0046124E /* Utilities.swift in Sources */,
				6718BECD1CF11C3C0046124E /* AlbumSummary.swift in Sources */,
				6718BED21CF11C3C0046124E /* Playlist.swift in Sources */,
				6718BF401CF294D40046124E /* AudioNotificationHandler.swift in Sources */,
				6718BEA41CF11B4D0046124E /* MusicByCarlSwift.xcdatamodeld in Sources */,
				6718BED51CF11C3C0046124E /* SongSummary.swift in Sources */,
				6718BED31CF11C3C0046124E /* PlaylistSummary.swift in Sources */,
				6718BF411CF294D40046124E /* AudioPlayer.swift in Sources */,
				6718BEF81CF12B460046124E /* MillisecondTimer.swift in Sources */,
				6718BEDE1CF11CB10046124E /* UserInterfaceCustomizer.swift in Sources */,
				6718BEFC1CF134CA0046124E /* MarqueeLabelExtensions.swift in Sources */,
				6718BF001CF138EA0046124E /* AlbumsInterface.swift in Sources */,
				6718BED01CF11C3C0046124E /* Genre.swift in Sources */,
				6718BEFE1CF137730046124E /* AlbumFactory.swift in Sources */,
				6718BE961CF1171B0046124E /* AppDelegate.swift in Sources */,
				6718BF421CF294D40046124E /* AudioSessionManager.swift in Sources */,
				6718BECF1CF11C3C0046124E /* ArtistSummary.swift in Sources */,
				6718BEC01CF11BBD0046124E /* DatabaseProgress.swift in Sources */,
				6718BEE31CF11E110046124E /* ObjectToStringUtilities.swift in Sources */,
				6718BEE51CF11ED60046124E /* FileUtilities.swift in Sources */,
				6718BF041CF13BB70046124E /* SliderExtensions.swift in Sources */,
				67B496321CF2BC6D0079A0AE /* UserPreferences.swift in Sources */,
				6718BF441CF297C40046124E /* RemoteAudioCommandHandler.swift in Sources */,
				6718BEF41CF128B40046124E /* MediaObjectUtilities.swift in Sources */,
				6718BEE11CF11D510046124E /* DateTimeUtilities.swift in Sources */,
				6718BED81CF11C780046124E /* Logger.swift in Sources */,
				6718BED41CF11C3C0046124E /* Song.swift in Sources */,
				6718BEF21CF128050046124E /* SongFactory.swift in Sources */,
				6718BEE91CF1211A0046124E /* NowPlayingViewController.swift in Sources */,
				6718BEBE1CF11BBD0046124E /* DatabaseInterface.swift in Sources */,
				6718BECE1CF11C3C0046124E /* Artist.swift in Sources */,
				67B496301CF2B7990079A0AE /* Extensions.swift in Sources */,
				6718BEF61CF12A810046124E /* SongsInterface.swift in Sources */,
				6718BECC1CF11C3C0046124E /* Album.swift in Sources */,
				6718BF021CF139960046124E /* AlbumFetcher.swift in Sources */,
				6718BF061CF13FB40046124E /* UIImageExtensions.swift in Sources */,
			);
			runOnlyForDeploymentPostprocessing = 0;
		};
/* End PBXSourcesBuildPhase section */

/* Begin XCBuildConfiguration section */
		6718BE8B1CF110B30046124E /* Debug */ = {
			isa = XCBuildConfiguration;
			buildSettings = {
				ALWAYS_SEARCH_USER_PATHS = NO;
				CLANG_ANALYZER_NONNULL = YES;
				CLANG_CXX_LANGUAGE_STANDARD = "gnu++0x";
				CLANG_CXX_LIBRARY = "libc++";
				CLANG_ENABLE_MODULES = YES;
				CLANG_ENABLE_OBJC_ARC = YES;
				CLANG_WARN_BOOL_CONVERSION = YES;
				CLANG_WARN_CONSTANT_CONVERSION = YES;
				CLANG_WARN_DIRECT_OBJC_ISA_USAGE = YES_ERROR;
				CLANG_WARN_EMPTY_BODY = YES;
				CLANG_WARN_ENUM_CONVERSION = YES;
				CLANG_WARN_INT_CONVERSION = YES;
				CLANG_WARN_OBJC_ROOT_CLASS = YES_ERROR;
				CLANG_WARN_UNREACHABLE_CODE = YES;
				CLANG_WARN__DUPLICATE_METHOD_MATCH = YES;
				"CODE_SIGN_IDENTITY[sdk=iphoneos*]" = "iPhone Developer";
				COPY_PHASE_STRIP = NO;
				DEBUG_INFORMATION_FORMAT = dwarf;
				ENABLE_STRICT_OBJC_MSGSEND = YES;
				ENABLE_TESTABILITY = YES;
				GCC_C_LANGUAGE_STANDARD = gnu99;
				GCC_DYNAMIC_NO_PIC = NO;
				GCC_NO_COMMON_BLOCKS = YES;
				GCC_OPTIMIZATION_LEVEL = 0;
				GCC_PREPROCESSOR_DEFINITIONS = (
					"DEBUG=1",
					"$(inherited)",
				);
				GCC_WARN_64_TO_32_BIT_CONVERSION = YES;
				GCC_WARN_ABOUT_RETURN_TYPE = YES_ERROR;
				GCC_WARN_UNDECLARED_SELECTOR = YES;
				GCC_WARN_UNINITIALIZED_AUTOS = YES_AGGRESSIVE;
				GCC_WARN_UNUSED_FUNCTION = YES;
				GCC_WARN_UNUSED_VARIABLE = YES;
				IPHONEOS_DEPLOYMENT_TARGET = 9.3;
				MTL_ENABLE_DEBUG_INFO = YES;
				ONLY_ACTIVE_ARCH = YES;
				SDKROOT = iphoneos;
				SWIFT_OPTIMIZATION_LEVEL = "-Onone";
			};
			name = Debug;
		};
		6718BE8C1CF110B30046124E /* Release */ = {
			isa = XCBuildConfiguration;
			buildSettings = {
				ALWAYS_SEARCH_USER_PATHS = NO;
				CLANG_ANALYZER_NONNULL = YES;
				CLANG_CXX_LANGUAGE_STANDARD = "gnu++0x";
				CLANG_CXX_LIBRARY = "libc++";
				CLANG_ENABLE_MODULES = YES;
				CLANG_ENABLE_OBJC_ARC = YES;
				CLANG_WARN_BOOL_CONVERSION = YES;
				CLANG_WARN_CONSTANT_CONVERSION = YES;
				CLANG_WARN_DIRECT_OBJC_ISA_USAGE = YES_ERROR;
				CLANG_WARN_EMPTY_BODY = YES;
				CLANG_WARN_ENUM_CONVERSION = YES;
				CLANG_WARN_INT_CONVERSION = YES;
				CLANG_WARN_OBJC_ROOT_CLASS = YES_ERROR;
				CLANG_WARN_UNREACHABLE_CODE = YES;
				CLANG_WARN__DUPLICATE_METHOD_MATCH = YES;
				"CODE_SIGN_IDENTITY[sdk=iphoneos*]" = "iPhone Developer";
				COPY_PHASE_STRIP = NO;
				DEBUG_INFORMATION_FORMAT = "dwarf-with-dsym";
				ENABLE_NS_ASSERTIONS = NO;
				ENABLE_STRICT_OBJC_MSGSEND = YES;
				GCC_C_LANGUAGE_STANDARD = gnu99;
				GCC_NO_COMMON_BLOCKS = YES;
				GCC_WARN_64_TO_32_BIT_CONVERSION = YES;
				GCC_WARN_ABOUT_RETURN_TYPE = YES_ERROR;
				GCC_WARN_UNDECLARED_SELECTOR = YES;
				GCC_WARN_UNINITIALIZED_AUTOS = YES_AGGRESSIVE;
				GCC_WARN_UNUSED_FUNCTION = YES;
				GCC_WARN_UNUSED_VARIABLE = YES;
				IPHONEOS_DEPLOYMENT_TARGET = 9.3;
				MTL_ENABLE_DEBUG_INFO = NO;
				SDKROOT = iphoneos;
				VALIDATE_PRODUCT = YES;
			};
			name = Release;
		};
		6718BE8E1CF110B30046124E /* Debug */ = {
			isa = XCBuildConfiguration;
			buildSettings = {
				ASSETCATALOG_COMPILER_APPICON_NAME = AppIcon;
				CLANG_ENABLE_MODULES = YES;
				INFOPLIST_FILE = "Swift Music Player/Info.plist";
				LD_RUNPATH_SEARCH_PATHS = "$(inherited) @executable_path/Frameworks";
				PRODUCT_BUNDLE_IDENTIFIER = "com.carlsoft.Swift-Music-Player";
				PRODUCT_NAME = "$(TARGET_NAME)";
				SWIFT_OBJC_BRIDGING_HEADER = "Swift Music Player/Swift Music Player-Bridging-Header.h";
				SWIFT_OPTIMIZATION_LEVEL = "-Onone";
			};
			name = Debug;
		};
		6718BE8F1CF110B30046124E /* Release */ = {
			isa = XCBuildConfiguration;
			buildSettings = {
				ASSETCATALOG_COMPILER_APPICON_NAME = AppIcon;
				CLANG_ENABLE_MODULES = YES;
				INFOPLIST_FILE = "Swift Music Player/Info.plist";
				LD_RUNPATH_SEARCH_PATHS = "$(inherited) @executable_path/Frameworks";
				PRODUCT_BUNDLE_IDENTIFIER = "com.carlsoft.Swift-Music-Player";
				PRODUCT_NAME = "$(TARGET_NAME)";
				SWIFT_OBJC_BRIDGING_HEADER = "Swift Music Player/Swift Music Player-Bridging-Header.h";
			};
			name = Release;
		};
/* End XCBuildConfiguration section */

/* Begin XCConfigurationList section */
		6718BE761CF110B20046124E /* Build configuration list for PBXProject "Swift Music Player" */ = {
			isa = XCConfigurationList;
			buildConfigurations = (
				6718BE8B1CF110B30046124E /* Debug */,
				6718BE8C1CF110B30046124E /* Release */,
			);
			defaultConfigurationIsVisible = 0;
			defaultConfigurationName = Release;
		};
		6718BE8D1CF110B30046124E /* Build configuration list for PBXNativeTarget "Swift Music Player" */ = {
			isa = XCConfigurationList;
			buildConfigurations = (
				6718BE8E1CF110B30046124E /* Debug */,
				6718BE8F1CF110B30046124E /* Release */,
			);
			defaultConfigurationIsVisible = 0;
			defaultConfigurationName = Release;
		};
/* End XCConfigurationList section */

/* Begin XCVersionGroup section */
		6718BEA11CF11B4D0046124E /* MusicByCarlSwift.xcdatamodeld */ = {
			isa = XCVersionGroup;
			children = (
				6718BEA21CF11B4D0046124E /* MusicByCarlSwift.xcdatamodel */,
				6718BEA31CF11B4D0046124E /* MusicByCarlSwift2.0.xcdatamodel */,
			);
			currentVersion = 6718BEA31CF11B4D0046124E /* MusicByCarlSwift2.0.xcdatamodel */;
			path = MusicByCarlSwift.xcdatamodeld;
			sourceTree = "<group>";
			versionGroupType = wrapper.xcdatamodel;
		};
/* End XCVersionGroup section */
	};
	rootObject = 6718BE731CF110B20046124E /* Project object */;
}
